{
  "name": "psc",
  "version": "0.1.1",
  "lockfileVersion": 1,
  "dependencies": {
    "ospec": {
      "version": "1.3.1",
      "resolved": "https://registry.npmjs.org/ospec/-/ospec-1.3.1.tgz",
      "integrity": "sha512-Qis9K6DXfuHWWKVzN65p/nCF3D1kuiaEbQJvRu6x8D+ESsAYJBugl4XDu2QvA7+H+QSOiJ1WVm6SAA2lBsj6ng==",
      "dev": true
    },
    "typescript": {
      "version": "2.5.2",
      "resolved": "https://registry.npmjs.org/typescript/-/typescript-2.5.2.tgz",
      "integrity": "sha1-A4qV99m7tCCxvzW6MdTFwd0//jQ=",
      "dev": true
    }
  }
}
